
Microsoft Visual Studio Solution File, Format Version 12.00
# Visual Studio Version 17
VisualStudioVersion = 17.0.31903.59
MinimumVisualStudioVersion = 10.0.40219.1
Project("{FAE04EC0-301F-11D3-BF4B-00C04F79EFBC}") = "MainApp", "MainApp\MainApp.csproj", "{4E3DF9C9-7C5A-43EC-9D65-09884188CD19}"
EndProject
Project("{FAE04EC0-301F-11D3-BF4B-00C04F79EFBC}") = "Infrastructure", "Infrastructure\Infrastructure.csproj", "{02899EA9-0502-4D15-9667-AD3C714D887B}"
EndProject
Project("{FAE04EC0-301F-11D3-BF4B-00C04F79EFBC}") = "Domain", "Domain\Domain.csproj", "{928BA003-DC28-4153-B90F-E19BCDA8C86B}"
EndProject
Project("{FAE04EC0-301F-11D3-BF4B-00C04F79EFBC}") = "WebApi", "WebApi\WebApi.csproj", "{78B72302-AAD4-4BCA-899D-269C3D745101}"
EndProject
Global
	GlobalSection(SolutionConfigurationPlatforms) = preSolution
		Debug|Any CPU = Debug|Any CPU
		Release|Any CPU = Release|Any CPU
	EndGlobalSection
	GlobalSection(SolutionProperties) = preSolution
		HideSolutionNode = FALSE
	EndGlobalSection
	GlobalSection(ProjectConfigurationPlatforms) = postSolution
		{4E3DF9C9-7C5A-43EC-9D65-09884188CD19}.Debug|Any CPU.ActiveCfg = Debug|Any CPU
		{4E3DF9C9-7C5A-43EC-9D65-09884188CD19}.Debug|Any CPU.Build.0 = Debug|Any CPU
		{4E3DF9C9-7C5A-43EC-9D65-09884188CD19}.Release|Any CPU.ActiveCfg = Release|Any CPU
		{4E3DF9C9-7C5A-43EC-9D65-09884188CD19}.Release|Any CPU.Build.0 = Release|Any CPU
		{02899EA9-0502-4D15-9667-AD3C714D887B}.Debug|Any CPU.ActiveCfg = Debug|Any CPU
		{02899EA9-0502-4D15-9667-AD3C714D887B}.Debug|Any CPU.Build.0 = Debug|Any CPU
		{02899EA9-0502-4D15-9667-AD3C714D887B}.Release|Any CPU.ActiveCfg = Release|Any CPU
		{02899EA9-0502-4D15-9667-AD3C714D887B}.Release|Any CPU.Build.0 = Release|Any CPU
		{928BA003-DC28-4153-B90F-E19BCDA8C86B}.Debug|Any CPU.ActiveCfg = Debug|Any CPU
		{928BA003-DC28-4153-B90F-E19BCDA8C86B}.Debug|Any CPU.Build.0 = Debug|Any CPU
		{928BA003-DC28-4153-B90F-E19BCDA8C86B}.Release|Any CPU.ActiveCfg = Release|Any CPU
		{928BA003-DC28-4153-B90F-E19BCDA8C86B}.Release|Any CPU.Build.0 = Release|Any CPU
		{78B72302-AAD4-4BCA-899D-269C3D745101}.Debug|Any CPU.ActiveCfg = Debug|Any CPU
		{78B72302-AAD4-4BCA-899D-269C3D745101}.Debug|Any CPU.Build.0 = Debug|Any CPU
		{78B72302-AAD4-4BCA-899D-269C3D745101}.Release|Any CPU.ActiveCfg = Release|Any CPU
		{78B72302-AAD4-4BCA-899D-269C3D745101}.Release|Any CPU.Build.0 = Release|Any CPU
	EndGlobalSection
EndGlobal
